
Microsoft Visual Studio Solution File, Format Version 12.00
# Visual Studio Version 17
VisualStudioVersion = 17.6.33815.320
MinimumVisualStudioVersion = 10.0.40219.1
Project("{9A19103F-16F7-4668-BE54-9A1E7A4F7556}") = "AutoInsurance_Web_Api", "AutoInsurance_Web_Api\AutoInsurance_Web_Api.csproj", "{DB859316-1E80-47E8-B34E-1ACB35D7EACA}"
EndProject
Project("{FAE04EC0-301F-11D3-BF4B-00C04F79EFBC}") = "AutoInsurance_MVC", "AutoInsurance_MVC\AutoInsurance_MVC.csproj", "{DCCB81AB-A37E-4AFC-A401-6AADAF78353D}"
EndProject
Global
	GlobalSection(SolutionConfigurationPlatforms) = preSolution
		Debug|Any CPU = Debug|Any CPU
		Release|Any CPU = Release|Any CPU
	EndGlobalSection
	GlobalSection(ProjectConfigurationPlatforms) = postSolution
		{DB859316-1E80-47E8-B34E-1ACB35D7EACA}.Debug|Any CPU.ActiveCfg = Debug|Any CPU
		{DB859316-1E80-47E8-B34E-1ACB35D7EACA}.Debug|Any CPU.Build.0 = Debug|Any CPU
		{DB859316-1E80-47E8-B34E-1ACB35D7EACA}.Release|Any CPU.ActiveCfg = Release|Any CPU
		{DB859316-1E80-47E8-B34E-1ACB35D7EACA}.Release|Any CPU.Build.0 = Release|Any CPU
		{DCCB81AB-A37E-4AFC-A401-6AADAF78353D}.Debug|Any CPU.ActiveCfg = Debug|Any CPU
		{DCCB81AB-A37E-4AFC-A401-6AADAF78353D}.Debug|Any CPU.Build.0 = Debug|Any CPU
		{DCCB81AB-A37E-4AFC-A401-6AADAF78353D}.Release|Any CPU.ActiveCfg = Release|Any CPU
		{DCCB81AB-A37E-4AFC-A401-6AADAF78353D}.Release|Any CPU.Build.0 = Release|Any CPU
	EndGlobalSection
	GlobalSection(SolutionProperties) = preSolution
		HideSolutionNode = FALSE
	EndGlobalSection
	GlobalSection(ExtensibilityGlobals) = postSolution
		SolutionGuid = {316AE075-3D93-4447-9E6C-998B232553E9}
	EndGlobalSection
EndGlobal
